
Microsoft Visual Studio Solution File, Format Version 12.00
# Visual Studio Version 16
VisualStudioVersion = 16.0.29215.179
MinimumVisualStudioVersion = 10.0.40219.1
Project("{FAE04EC0-301F-11D3-BF4B-00C04F79EFBC}") = "Foodrecipes", "Foodrecipes.csproj", "{AD79AB93-29E2-45CB-ADA9-A9145E1E2848}"
EndProject
Global
	GlobalSection(SolutionConfigurationPlatforms) = preSolution
		Debug|Any CPU = Debug|Any CPU
		Release|Any CPU = Release|Any CPU
	EndGlobalSection
	GlobalSection(ProjectConfigurationPlatforms) = postSolution
		{AD79AB93-29E2-45CB-ADA9-A9145E1E2848}.Debug|Any CPU.ActiveCfg = Debug|Any CPU
		{AD79AB93-29E2-45CB-ADA9-A9145E1E2848}.Debug|Any CPU.Build.0 = Debug|Any CPU
		{AD79AB93-29E2-45CB-ADA9-A9145E1E2848}.Release|Any CPU.ActiveCfg = Release|Any CPU
		{AD79AB93-29E2-45CB-ADA9-A9145E1E2848}.Release|Any CPU.Build.0 = Release|Any CPU
	EndGlobalSection
	GlobalSection(SolutionProperties) = preSolution
		HideSolutionNode = FALSE
	EndGlobalSection
	GlobalSection(ExtensibilityGlobals) = postSolution
		SolutionGuid = {5D7880B8-7989-4C2D-A72F-A7CF8F7F9F8D}
	EndGlobalSection
EndGlobal
